{
    "name": "zerotohero",
    "version": "1.22.1",
    "lockfileVersion": 1,
    "requires": true,
    "dependencies": {
        "d3-array": {
            "version": "1.2.4",
            "resolved": "https://registry.npmjs.org/d3-array/-/d3-array-1.2.4.tgz",
            "integrity": "sha512-KHW6M86R+FUPYGb3R5XiYjXPq7VzwxZ22buHhAEVG5ztoEcZZMLov530mmccaqA1GghZArjQV46fuc8kUqhhHw=="
        },
        "d3-collection": {
            "version": "1.0.7",
            "resolved": "https://registry.npmjs.org/d3-collection/-/d3-collection-1.0.7.tgz",
            "integrity": "sha512-ii0/r5f4sjKNTfh84Di+DpztYwqKhEyUlKoPrzUFfeSkWxjW49xU2QzO9qrPrNkpdI0XJkfzvmTu8V2Zylln6A=="
        },
        "d3-color": {
            "version": "1.4.1",
            "resolved": "https://registry.npmjs.org/d3-color/-/d3-color-1.4.1.tgz",
            "integrity": "sha512-p2sTHSLCJI2QKunbGb7ocOh7DgTAn8IrLx21QRc/BSnodXM4sv6aLQlnfpvehFMLZEfBc6g9pH9SWQccFYfJ9Q=="
        },
        "d3-ease": {
            "version": "1.0.7",
            "resolved": "https://registry.npmjs.org/d3-ease/-/d3-ease-1.0.7.tgz",
            "integrity": "sha512-lx14ZPYkhNx0s/2HX5sLFUI3mbasHjSSpwO/KaaNACweVwxUruKyWVcb293wMv1RqTPZyZ8kSZ2NogUZNcLOFQ=="
        },
        "d3-format": {
            "version": "1.4.5",
            "resolved": "https://registry.npmjs.org/d3-format/-/d3-format-1.4.5.tgz",
            "integrity": "sha512-J0piedu6Z8iB6TbIGfZgDzfXxUFN3qQRMofy2oPdXzQibYGqPB/9iMcxr/TGalU+2RsyDO+U4f33id8tbnSRMQ=="
        },
        "d3-interpolate": {
            "version": "1.4.0",
            "resolved": "https://registry.npmjs.org/d3-interpolate/-/d3-interpolate-1.4.0.tgz",
            "integrity": "sha512-V9znK0zc3jOPV4VD2zZn0sDhZU3WAE2bmlxdIwwQPPzPjvyLkd8B3JUVdS1IDUFDkWZ72c9qnv1GK2ZagTZ8EA==",
            "requires": {
                "d3-color": "1"
            }
        },
        "d3-path": {
            "version": "1.0.9",
            "resolved": "https://registry.npmjs.org/d3-path/-/d3-path-1.0.9.tgz",
            "integrity": "sha512-VLaYcn81dtHVTjEHd8B+pbe9yHWpXKZUC87PzoFmsFrJqgFwDe/qxfp5MlfsfM1V5E/iVt0MmEbWQ7FVIXh/bg=="
        },
        "d3-scale": {
            "version": "1.0.7",
            "resolved": "https://registry.npmjs.org/d3-scale/-/d3-scale-1.0.7.tgz",
            "integrity": "sha512-KvU92czp2/qse5tUfGms6Kjig0AhHOwkzXG0+PqIJB3ke0WUv088AHMZI0OssO9NCkXt4RP8yju9rpH8aGB7Lw==",
            "requires": {
                "d3-array": "^1.2.0",
                "d3-collection": "1",
                "d3-color": "1",
                "d3-format": "1",
                "d3-interpolate": "1",
                "d3-time": "1",
                "d3-time-format": "2"
            }
        },
        "d3-shape": {
            "version": "1.3.7",
            "resolved": "https://registry.npmjs.org/d3-shape/-/d3-shape-1.3.7.tgz",
            "integrity": "sha512-EUkvKjqPFUAZyOlhY5gzCxCeI0Aep04LwIRpsZ/mLFelJiUfnK56jo5JMDSE7yyP2kLSb6LtF+S5chMk7uqPqw==",
            "requires": {
                "d3-path": "1"
            }
        },
        "d3-time": {
            "version": "1.1.0",
            "resolved": "https://registry.npmjs.org/d3-time/-/d3-time-1.1.0.tgz",
            "integrity": "sha512-Xh0isrZ5rPYYdqhAVk8VLnMEidhz5aP7htAADH6MfzgmmicPkTo8LhkLxci61/lCB7n7UmE3bN0leRt+qvkLxA=="
        },
        "d3-time-format": {
            "version": "2.3.0",
            "resolved": "https://registry.npmjs.org/d3-time-format/-/d3-time-format-2.3.0.tgz",
            "integrity": "sha512-guv6b2H37s2Uq/GefleCDtbe0XZAuy7Wa49VGkPVPMfLL9qObgBST3lEHJBMUp8S7NdLQAGIvr2KXk8Hc98iKQ==",
            "requires": {
                "d3-time": "1"
            }
        },
        "d3-timer": {
            "version": "1.0.10",
            "resolved": "https://registry.npmjs.org/d3-timer/-/d3-timer-1.0.10.tgz",
            "integrity": "sha512-B1JDm0XDaQC+uvo4DT79H0XmBskgS3l6Ve+1SBCfxgmtIb1AVrPIoqd+nPSv+loMX8szQ0sVUhGngL7D5QPiXw=="
        },
        "d3-voronoi": {
            "version": "1.1.4",
            "resolved": "https://registry.npmjs.org/d3-voronoi/-/d3-voronoi-1.1.4.tgz",
            "integrity": "sha512-dArJ32hchFsrQ8uMiTBLq256MpnZjeuBtdHpaDlYuQyjU0CVzCJl/BVW+SkszaAeH95D/8gxqAhgx0ouAWAfRg=="
        },
        "delaunator": {
            "version": "4.0.1",
            "resolved": "https://registry.npmjs.org/delaunator/-/delaunator-4.0.1.tgz",
            "integrity": "sha512-WNPWi1IRKZfCt/qIDMfERkDp93+iZEmOxN2yy4Jg+Xhv8SLk2UTqqbe1sfiipn0and9QrE914/ihdx82Y/Giag=="
        },
        "delaunay-find": {
            "version": "0.0.5",
            "resolved": "https://registry.npmjs.org/delaunay-find/-/delaunay-find-0.0.5.tgz",
            "integrity": "sha512-7yAJ/wmKWj3SgqjtkGqT/RCwI0HWAo5YnHMoF5nYXD8cdci+YSo23iPmgrZUNOpDxRWN91PqxUvMMr2lKpjr+w==",
            "requires": {
                "delaunator": "^4.0.0"
            }
        },
        "js-tokens": {
            "version": "4.0.0",
            "resolved": "https://registry.npmjs.org/js-tokens/-/js-tokens-4.0.0.tgz",
            "integrity": "sha512-RdJUflcE3cUzKiMqQgsCu06FPu9UdIJO0beYbPhHN4k6apgJtifcoCtT9bcxOpYBtpD2kCM6Sbzg4CausW/PKQ=="
        },
        "json-stringify-safe": {
            "version": "5.0.1",
            "resolved": "https://registry.npmjs.org/json-stringify-safe/-/json-stringify-safe-5.0.1.tgz",
            "integrity": "sha1-Epai1Y/UXxmg9s4B1lcB4sc1tus="
        },
        "lodash": {
            "version": "4.17.20",
            "resolved": "https://registry.npmjs.org/lodash/-/lodash-4.17.20.tgz",
            "integrity": "sha512-PlhdFcillOINfeV7Ni6oF1TAEayyZBoZ8bcshTHqOYJYlrqzRK5hagpagky5o4HfCzzd1TRkXPMFq6cKk9rGmA=="
        },
        "loose-envify": {
            "version": "1.4.0",
            "resolved": "https://registry.npmjs.org/loose-envify/-/loose-envify-1.4.0.tgz",
            "integrity": "sha512-lyuxPGr/Wfhrlem2CL/UcnUc1zcqKAImBDzukY7Y5F/yQiNdko6+fRLevlw1HgMySw7f611UIY408EtxRSoK3Q==",
            "requires": {
                "js-tokens": "^3.0.0 || ^4.0.0"
            }
        },
        "object-assign": {
            "version": "4.1.1",
            "resolved": "https://registry.npmjs.org/object-assign/-/object-assign-4.1.1.tgz",
            "integrity": "sha1-IQmtx5ZYh8/AXLvUQsrIv7s2CGM="
        },
        "prop-types": {
            "version": "15.7.2",
            "resolved": "https://registry.npmjs.org/prop-types/-/prop-types-15.7.2.tgz",
            "integrity": "sha512-8QQikdH7//R2vurIJSutZ1smHYTcLpRWEOlHnzcWHmBYrOGUysKwSsrC89BCiFj3CbrfJ/nXFdJepOVrY1GCHQ==",
            "requires": {
                "loose-envify": "^1.4.0",
                "object-assign": "^4.1.1",
                "react-is": "^16.8.1"
            }
        },
        "react": {
            "version": "16.14.0",
            "resolved": "https://registry.npmjs.org/react/-/react-16.14.0.tgz",
            "integrity": "sha512-0X2CImDkJGApiAlcf0ODKIneSwBPhqJawOa5wCtKbu7ZECrmS26NvtSILynQ66cgkT/RJ4LidJOc3bUESwmU8g==",
            "requires": {
                "loose-envify": "^1.1.0",
                "object-assign": "^4.1.1",
                "prop-types": "^15.6.2"
            }
        },
        "react-dom": {
            "version": "16.14.0",
            "resolved": "https://registry.npmjs.org/react-dom/-/react-dom-16.14.0.tgz",
            "integrity": "sha512-1gCeQXDLoIqMgqD3IO2Ah9bnf0w9kzhwN5q4FGnHZ67hBm9yePzB5JJAIQCc8x3pFnNlwFq4RidZggNAAkzWWw==",
            "requires": {
                "loose-envify": "^1.1.0",
                "object-assign": "^4.1.1",
                "prop-types": "^15.6.2",
                "scheduler": "^0.19.1"
            }
        },
        "react-fast-compare": {
            "version": "2.0.4",
            "resolved": "https://registry.npmjs.org/react-fast-compare/-/react-fast-compare-2.0.4.tgz",
            "integrity": "sha512-suNP+J1VU1MWFKcyt7RtjiSWUjvidmQSlqu+eHslq+342xCbGTYmC0mEhPCOHxlW0CywylOC1u2DFAT+bv4dBw=="
        },
        "react-is": {
            "version": "16.13.1",
            "resolved": "https://registry.npmjs.org/react-is/-/react-is-16.13.1.tgz",
            "integrity": "sha512-24e6ynE2H+OKt4kqsOvNd8kBpV65zoxbA4BVsEOB3ARVWQki/DHzaUoC5KuON/BiccDaCCTZBuOcfZs70kR8bQ=="
        },
        "scheduler": {
            "version": "0.19.1",
            "resolved": "https://registry.npmjs.org/scheduler/-/scheduler-0.19.1.tgz",
            "integrity": "sha512-n/zwRWRYSUj0/3g/otKDRPMh6qv2SYMWNq85IEa8iZyAv8od9zDYpGSnpBEjNgcMNq6Scbu5KfIPxNF72R/2EA==",
            "requires": {
                "loose-envify": "^1.1.0",
                "object-assign": "^4.1.1"
            }
        },
        "victory": {
            "version": "35.3.2",
            "resolved": "https://registry.npmjs.org/victory/-/victory-35.3.2.tgz",
            "integrity": "sha512-B/pRHBDnr+Po0fXNDHwGbYSp3SdpNGdH/Fp3lSfsFmSYJLDqcZ8QKmUzrDJFnexPAIyYPin4nEbe4USp0VMomg==",
            "requires": {
                "victory-area": "^35.3.2",
                "victory-axis": "^35.3.2",
                "victory-bar": "^35.3.2",
                "victory-box-plot": "^35.3.2",
                "victory-brush-container": "^35.3.2",
                "victory-brush-line": "^35.3.2",
                "victory-candlestick": "^35.3.2",
                "victory-chart": "^35.3.2",
                "victory-core": "35.3.1",
                "victory-create-container": "^35.3.2",
                "victory-cursor-container": "^35.3.2",
                "victory-errorbar": "^35.3.2",
                "victory-group": "^35.3.2",
                "victory-histogram": "^35.3.2",
                "victory-legend": "^35.3.2",
                "victory-line": "^35.3.2",
                "victory-pie": "^35.3.2",
                "victory-polar-axis": "^35.3.2",
                "victory-scatter": "^35.3.2",
                "victory-selection-container": "^35.3.2",
                "victory-shared-events": "^35.3.2",
                "victory-stack": "^35.3.2",
                "victory-tooltip": "^35.3.2",
                "victory-voronoi": "^35.3.2",
                "victory-voronoi-container": "^35.3.2",
                "victory-zoom-container": "^35.3.2"
            }
        },
        "victory-area": {
            "version": "35.3.2",
            "resolved": "https://registry.npmjs.org/victory-area/-/victory-area-35.3.2.tgz",
            "integrity": "sha512-P8248fmY6Cdr68SyJJZCFD1uReMInhNhgfaGrPsrG+UVg/qwsxHn1WCqesaigmbr/eji/aPDGbl1UH0GIujFwQ==",
            "requires": {
                "d3-shape": "^1.2.0",
                "lodash": "^4.17.19",
                "prop-types": "^15.5.8",
                "victory-core": "35.3.1"
            }
        },
        "victory-axis": {
            "version": "35.3.2",
            "resolved": "https://registry.npmjs.org/victory-axis/-/victory-axis-35.3.2.tgz",
            "integrity": "sha512-phSGj2Y17HHdPq571hKBppsEBzr+cGX8GM+KXJ0jfEuOPTGkEGEIJNrBWUiguGHtaFVzRxxewusfCGVxo7xB0g==",
            "requires": {
                "lodash": "^4.17.19",
                "prop-types": "^15.5.8",
                "victory-core": "35.3.1"
            }
        },
        "victory-bar": {
            "version": "35.3.2",
            "resolved": "https://registry.npmjs.org/victory-bar/-/victory-bar-35.3.2.tgz",
            "integrity": "sha512-vilm/gNTzZTasSlmHBy/Ttihq+uouUTrVCRdUOpbYVKQcgl/fLnJC3V5aAVtf9RAsLNRKz4nqtJhecy7yIo3Lw==",
            "requires": {
                "d3-shape": "^1.2.0",
                "lodash": "^4.17.19",
                "prop-types": "^15.5.8",
                "victory-core": "35.3.1"
            }
        },
        "victory-box-plot": {
            "version": "35.3.2",
            "resolved": "https://registry.npmjs.org/victory-box-plot/-/victory-box-plot-35.3.2.tgz",
            "integrity": "sha512-Ln04lMn8aKMXqRPwKypLpPTlQWLz0GlTbRJi5mM+iq+/nOy6RHpDjkdEcA7q2Mwa6D1Egys1dF9KVRqE/WG6Wg==",
            "requires": {
                "d3-array": "^1.2.0",
                "lodash": "^4.17.19",
                "prop-types": "^15.5.8",
                "victory-core": "35.3.1"
            }
        },
        "victory-brush-container": {
            "version": "35.3.2",
            "resolved": "https://registry.npmjs.org/victory-brush-container/-/victory-brush-container-35.3.2.tgz",
            "integrity": "sha512-kJuYYZEXLBGMWTh5NaUMbmMW7BaKxGfyE/HyeS4zX7K3qHK9HDCssrDEzyjnU1PpfRULSjCingw3SiDirodKXA==",
            "requires": {
                "lodash": "^4.17.19",
                "prop-types": "^15.5.8",
                "react-fast-compare": "^2.0.0",
                "victory-core": "35.3.1"
            }
        },
        "victory-brush-line": {
            "version": "35.3.2",
            "resolved": "https://registry.npmjs.org/victory-brush-line/-/victory-brush-line-35.3.2.tgz",
            "integrity": "sha512-SMOpj8D+SBH7CWA+BDS4VyVUsXgsYmorP4X6A6UMs0oiIc9aN1EkQx0C3qiWL8wJBHB4Ade5R6xkmG2wPJLt/A==",
            "requires": {
                "lodash": "^4.17.19",
                "prop-types": "^15.5.8",
                "react-fast-compare": "^2.0.0",
                "victory-core": "35.3.1"
            }
        },
        "victory-candlestick": {
            "version": "35.3.2",
            "resolved": "https://registry.npmjs.org/victory-candlestick/-/victory-candlestick-35.3.2.tgz",
            "integrity": "sha512-LKRTgrE0I7usduRIL7UTjez96ILI0KDehOpMGzFlo6h2o87CaE/9S9vEKxVpYAf7HFRj9bjfwr1pyJLrmM0rIQ==",
            "requires": {
                "lodash": "^4.17.19",
                "prop-types": "^15.5.8",
                "victory-core": "35.3.1"
            }
        },
        "victory-chart": {
            "version": "35.3.2",
            "resolved": "https://registry.npmjs.org/victory-chart/-/victory-chart-35.3.2.tgz",
            "integrity": "sha512-BC+wPaV5Ql8cxStPw/XNVB9mTIyImhyuUXEzhYqG9R+9rtvsi5F3lau5z6N91ek90mSvzmqzQ37KhkV2TZ4kGg==",
            "requires": {
                "lodash": "^4.17.19",
                "prop-types": "^15.5.8",
                "react-fast-compare": "^2.0.0",
                "victory-axis": "^35.3.2",
                "victory-core": "35.3.1",
                "victory-polar-axis": "^35.3.2",
                "victory-shared-events": "^35.3.2"
            }
        },
        "victory-core": {
            "version": "35.3.1",
            "resolved": "https://registry.npmjs.org/victory-core/-/victory-core-35.3.1.tgz",
            "integrity": "sha512-64JY6ZJnGWbxd4ENSecKzCSNjqJ7Hjv8zwAUir9IX+x6Vg/ehRXX43V7PEdMhOZCFRxidVjP0cCizcAfPfcEPQ==",
            "requires": {
                "d3-ease": "^1.0.0",
                "d3-interpolate": "^1.1.1",
                "d3-scale": "^1.0.0",
                "d3-shape": "^1.2.0",
                "d3-timer": "^1.0.0",
                "lodash": "^4.17.19",
                "prop-types": "^15.5.8",
                "react-fast-compare": "^2.0.0"
            }
        },
        "victory-create-container": {
            "version": "35.3.2",
            "resolved": "https://registry.npmjs.org/victory-create-container/-/victory-create-container-35.3.2.tgz",
            "integrity": "sha512-FXSIgY5CKmaLo+Ei2pPWnhUR9wC7uwLLkkDOIhtI2Jt57G9z8fxKPLqaLa+pSyFMkubHgoFwDLWMTqcG3jq8SA==",
            "requires": {
                "lodash": "^4.17.19",
                "victory-brush-container": "^35.3.2",
                "victory-core": "35.3.1",
                "victory-cursor-container": "^35.3.2",
                "victory-selection-container": "^35.3.2",
                "victory-voronoi-container": "^35.3.2",
                "victory-zoom-container": "^35.3.2"
            }
        },
        "victory-cursor-container": {
            "version": "35.3.2",
            "resolved": "https://registry.npmjs.org/victory-cursor-container/-/victory-cursor-container-35.3.2.tgz",
            "integrity": "sha512-GbiiuHpNoSHdnZGRSoSCMDdczChBr4pG7lWGxUyBYiPZxyhrJ4KVXsk8A7kZL+U1Pg5xsJMjZ+WDwccfxB165Q==",
            "requires": {
                "lodash": "^4.17.19",
                "prop-types": "^15.5.8",
                "victory-core": "35.3.1"
            }
        },
        "victory-errorbar": {
            "version": "35.3.2",
            "resolved": "https://registry.npmjs.org/victory-errorbar/-/victory-errorbar-35.3.2.tgz",
            "integrity": "sha512-ULvKyU9wQv1gtRrjZF86BGrG2ueXlLOiDeT6iBMFc9uCAG+9XSp+7PCabpmDEfwFQNNng7tP7WJSzJ5fS/bd4Q==",
            "requires": {
                "lodash": "^4.17.19",
                "prop-types": "^15.5.8",
                "victory-core": "35.3.1"
            }
        },
        "victory-group": {
            "version": "35.3.2",
            "resolved": "https://registry.npmjs.org/victory-group/-/victory-group-35.3.2.tgz",
            "integrity": "sha512-9b5d+/MagbvmKM8hP0GOjXzsnqU22+31k8RyRLS5TQd6QPcYifl4Zq4OydIPl3O4ALBm6Xga6r42V+Km29B91Q==",
            "requires": {
                "lodash": "^4.17.19",
                "prop-types": "^15.5.8",
                "react-fast-compare": "^2.0.0",
                "victory-core": "35.3.1",
                "victory-shared-events": "^35.3.2"
            }
        },
        "victory-histogram": {
            "version": "35.3.2",
            "resolved": "https://registry.npmjs.org/victory-histogram/-/victory-histogram-35.3.2.tgz",
            "integrity": "sha512-t4iy5E2S8R6GChctVFJpSYlINJCjG36kt49iQmELF3qvsLYDtg13j/6Slp3WzJ4XtgcGneqFaU1Je/eiRq5rhg==",
            "requires": {
                "d3-array": "^2.4.0",
                "d3-scale": "^1.0.0",
                "lodash": "^4.17.19",
                "prop-types": "^15.5.8",
                "react-fast-compare": "^2.0.0",
                "victory-bar": "^35.3.2",
                "victory-core": "35.3.1"
            },
            "dependencies": {
                "d3-array": {
                    "version": "2.8.0",
                    "resolved": "https://registry.npmjs.org/d3-array/-/d3-array-2.8.0.tgz",
                    "integrity": "sha512-6V272gsOeg7+9pTW1jSYOR1QE37g95I3my1hBmY+vOUNHRrk9yt4OTz/gK7PMkVAVDrYYq4mq3grTiZ8iJdNIw=="
                }
            }
        },
        "victory-legend": {
            "version": "35.3.2",
            "resolved": "https://registry.npmjs.org/victory-legend/-/victory-legend-35.3.2.tgz",
            "integrity": "sha512-FzsoJ/9uqjcVhbBVecHHS1Fb3nd1AbAPyjQcZ60dERZK9zx60xJG82MQs4mjEBo5b98RKjsMh2ttSb340O81Ww==",
            "requires": {
                "lodash": "^4.17.19",
                "prop-types": "^15.5.8",
                "victory-core": "35.3.1"
            }
        },
        "victory-line": {
            "version": "35.3.2",
            "resolved": "https://registry.npmjs.org/victory-line/-/victory-line-35.3.2.tgz",
            "integrity": "sha512-5Sgj+2mb3riwDlf0j7JhPc2k9PBVXhgZD1jUTWJJDtzkTNrfJa52fi7pz7nSLmQpq2k2A9KZZone1Pc1/Ls4iw==",
            "requires": {
                "d3-shape": "^1.2.0",
                "lodash": "^4.17.19",
                "prop-types": "^15.5.8",
                "victory-core": "35.3.1"
            }
        },
        "victory-pie": {
            "version": "35.3.2",
            "resolved": "https://registry.npmjs.org/victory-pie/-/victory-pie-35.3.2.tgz",
            "integrity": "sha512-URhIr4aFSfF8hKYALG9zRhsHhXeosHJzjp+diitiFp3coYm+vuFQjnp9F0BsA1hmlJlY7OivA5OJUsxQPjDbKA==",
            "requires": {
                "d3-shape": "^1.0.0",
                "lodash": "^4.17.19",
                "prop-types": "^15.5.8",
                "victory-core": "35.3.1"
            }
        },
        "victory-polar-axis": {
            "version": "35.3.2",
            "resolved": "https://registry.npmjs.org/victory-polar-axis/-/victory-polar-axis-35.3.2.tgz",
            "integrity": "sha512-oUvumaCBMFEebyZ+DNF6uqLKI+jdkMphJXVQF6dKsnPq9JJj2Chy50qAihbfeWKdRHdfFFmH19Al3XoKsiCwUA==",
            "requires": {
                "lodash": "^4.17.19",
                "prop-types": "^15.5.8",
                "victory-core": "35.3.1"
            }
        },
        "victory-scatter": {
            "version": "35.3.2",
            "resolved": "https://registry.npmjs.org/victory-scatter/-/victory-scatter-35.3.2.tgz",
            "integrity": "sha512-e9yNtmCBl1VVZfemoOx8R0er++BW3xGKWoaB5vJDgkuBQjvGtQrRwM6IvXbRmwx7PEaaRP4hHxSko2C6UJAMIw==",
            "requires": {
                "lodash": "^4.17.19",
                "prop-types": "^15.5.8",
                "victory-core": "35.3.1"
            }
        },
        "victory-selection-container": {
            "version": "35.3.2",
            "resolved": "https://registry.npmjs.org/victory-selection-container/-/victory-selection-container-35.3.2.tgz",
            "integrity": "sha512-+YVWL061oVuSMa0y/0Xzi5VkJy2eNmBtxvnwh1P+FCSUI3S05PvwhBO0sTK4vSf8M0CC+g19uM6eiK9vXV9N2A==",
            "requires": {
                "lodash": "^4.17.19",
                "prop-types": "^15.5.8",
                "victory-core": "35.3.1"
            }
        },
        "victory-shared-events": {
            "version": "35.3.2",
            "resolved": "https://registry.npmjs.org/victory-shared-events/-/victory-shared-events-35.3.2.tgz",
            "integrity": "sha512-VtgMsstqfPFED1yjkuxGgt95E2BSjfaFovRQOCSJlerKQAecb1Jx28xRNGFgYZP+Jj7yrGOfZzATZS8+4tfrUA==",
            "requires": {
                "json-stringify-safe": "^5.0.1",
                "lodash": "^4.17.19",
                "prop-types": "^15.5.8",
                "react-fast-compare": "^2.0.0",
                "victory-core": "35.3.1"
            }
        },
        "victory-stack": {
            "version": "35.3.2",
            "resolved": "https://registry.npmjs.org/victory-stack/-/victory-stack-35.3.2.tgz",
            "integrity": "sha512-eFqRRFzxkh+AmWwAGS+6tNxCdPURCfeBPbzapjyoAatTXLmQSq06FrnsDODTKoo08TUSOL6orOh0Rh1lo1L35Q==",
            "requires": {
                "lodash": "^4.17.19",
                "prop-types": "^15.5.8",
                "react-fast-compare": "^2.0.0",
                "victory-core": "^35.3.1",
                "victory-shared-events": "^35.3.2"
            }
        },
        "victory-tooltip": {
            "version": "35.3.2",
            "resolved": "https://registry.npmjs.org/victory-tooltip/-/victory-tooltip-35.3.2.tgz",
            "integrity": "sha512-GsGnkzJiCHUjMZrj/0A73wYNCidCQziYRk8HuclYVFnVHmn9ClezLw4OAamYkLe8UENnnxYL0PgMf6Bu+1Qzxg==",
            "requires": {
                "lodash": "^4.17.19",
                "prop-types": "^15.5.8",
                "victory-core": "35.3.1"
            }
        },
        "victory-voronoi": {
            "version": "35.3.2",
            "resolved": "https://registry.npmjs.org/victory-voronoi/-/victory-voronoi-35.3.2.tgz",
            "integrity": "sha512-OG/0i1DNLn1O7pTQSTefpiOmcvCSumxqFtQDypuOLD8X+01dUduHFLN0IvDI7UAMWuut9lJ7HbqARofl/yXZUA==",
            "requires": {
                "d3-voronoi": "^1.1.2",
                "lodash": "^4.17.19",
                "prop-types": "^15.5.8",
                "victory-core": "35.3.1"
            }
        },
        "victory-voronoi-container": {
            "version": "35.3.2",
            "resolved": "https://registry.npmjs.org/victory-voronoi-container/-/victory-voronoi-container-35.3.2.tgz",
            "integrity": "sha512-IPAtwGC0ni7iULgnXDYSn2s1mlc7nR0btu6deG4MjEAezjfGdjmZJFiWlwu81ZGP+XZgGNWgvWaXNBYtNrB4XQ==",
            "requires": {
                "delaunay-find": "0.0.5",
                "lodash": "^4.17.19",
                "prop-types": "^15.5.8",
                "react-fast-compare": "^2.0.0",
                "victory-core": "35.3.1",
                "victory-tooltip": "^35.3.2"
            }
        },
        "victory-zoom-container": {
            "version": "35.3.2",
            "resolved": "https://registry.npmjs.org/victory-zoom-container/-/victory-zoom-container-35.3.2.tgz",
            "integrity": "sha512-CD4b80QXZfCl/JG2oQeZmjD/uvJlrguj/jaHK9Bwsb56Z8pJQ8S0EmAFJzSIH8iTnhs8aXzAszq+NeypGeG8mQ==",
            "requires": {
                "lodash": "^4.17.19",
                "prop-types": "^15.5.8",
                "victory-core": "35.3.1"
            }
        }
    }
}
